{
  "name": "cryptomancy-oblivion",
  "version": "1.0.0",
  "lockfileVersion": 1,
  "requires": true,
  "dependencies": {
    "cryptomancy-format": {
      "version": "1.0.2",
      "resolved": "https://registry.npmjs.org/cryptomancy-format/-/cryptomancy-format-1.0.2.tgz",
      "integrity": "sha512-9LPoWktQxG5zEFvUI+FETgVY2oSLeL0PhVeBmeevVmvfxYiwhL+308uwINiQ1JzJ1zMAz4k6zGvQfIPybH0eAw==",
      "requires": {
        "hex-array": "^1.0.0",
        "jsbn": "^1.1.0",
        "proquint": "0.0.1",
        "tweetnacl-util": "^0.15.0"
      }
    },
    "cryptomancy-prime": {
      "version": "1.0.2",
      "resolved": "https://registry.npmjs.org/cryptomancy-prime/-/cryptomancy-prime-1.0.2.tgz",
      "integrity": "sha512-v2iQ4553+AAu8OILF+GyyR7awgEHt3qLl7NB97EodvBt1rLGVLRAL3EDcPWtkAOkhGBqrhKJzUKfisvL8OpEPQ==",
      "requires": {
        "jsbn": "^1.1.0"
      }
    },
    "cryptomancy-source": {
      "version": "1.0.3",
      "resolved": "https://registry.npmjs.org/cryptomancy-source/-/cryptomancy-source-1.0.3.tgz",
      "integrity": "sha512-OcxVwn3EaTCKxyiK3vnzKnZiYWOD6yJu3ZTBYJDAEUy6m0pbVJ8OjAipn8+Rb/Bhx9ZbzO/6RtF6ZY2KfLPwdg==",
      "requires": {
        "cryptomancy-util": "^1.0.1",
        "tweetnacl": "^1.0.0"
      }
    },
    "cryptomancy-util": {
      "version": "1.0.3",
      "resolved": "https://registry.npmjs.org/cryptomancy-util/-/cryptomancy-util-1.0.3.tgz",
      "integrity": "sha512-5Zqh/IvsxjnZPRs9Snpqvdf29fJjpZL+m5jvbS7uZnN34U2nrFPlhs7XmXEC1/RTEOX5UJDemo5BvZkaiOaQzQ=="
    },
    "hex-array": {
      "version": "1.0.0",
      "resolved": "https://registry.npmjs.org/hex-array/-/hex-array-1.0.0.tgz",
      "integrity": "sha1-5cJO6gOD8tnoSR8ugVvaDOAiM64="
    },
    "jsbn": {
      "version": "1.1.0",
      "resolved": "https://registry.npmjs.org/jsbn/-/jsbn-1.1.0.tgz",
      "integrity": "sha1-sBMHyym2GKHtJux56RH4A8TaAEA="
    },
    "proquint": {
      "version": "0.0.1",
      "resolved": "https://registry.npmjs.org/proquint/-/proquint-0.0.1.tgz",
      "integrity": "sha1-t5FI5cDcjmEDPeGrcInjH8CHWQY="
    },
    "tweetnacl": {
      "version": "1.0.1",
      "resolved": "https://registry.npmjs.org/tweetnacl/-/tweetnacl-1.0.1.tgz",
      "integrity": "sha512-kcoMoKTPYnoeS50tzoqjPY3Uv9axeuuFAZY9M/9zFnhoVvRfxz9K29IMPD7jGmt2c8SW7i3gT9WqDl2+nV7p4A=="
    },
    "tweetnacl-util": {
      "version": "0.15.0",
      "resolved": "https://registry.npmjs.org/tweetnacl-util/-/tweetnacl-util-0.15.0.tgz",
      "integrity": "sha1-RXbBzuXi1j0gf+5S8boCgZSAvHU="
    }
  }
}
